
Microsoft Visual Studio Solution File, Format Version 12.00
Project("{FAE04EC0-301F-11D3-BF4B-00C04F79EFBC}") = "ReflectionPractice", "ReflectionPractice\ReflectionPractice.csproj", "{5256BF01-E22C-4C3A-AE58-807D56C04BBE}"
EndProject
Global
	GlobalSection(SolutionConfigurationPlatforms) = preSolution
		Debug|Any CPU = Debug|Any CPU
		Release|Any CPU = Release|Any CPU
	EndGlobalSection
	GlobalSection(ProjectConfigurationPlatforms) = postSolution
		{5256BF01-E22C-4C3A-AE58-807D56C04BBE}.Debug|Any CPU.ActiveCfg = Debug|Any CPU
		{5256BF01-E22C-4C3A-AE58-807D56C04BBE}.Debug|Any CPU.Build.0 = Debug|Any CPU
		{5256BF01-E22C-4C3A-AE58-807D56C04BBE}.Release|Any CPU.ActiveCfg = Release|Any CPU
		{5256BF01-E22C-4C3A-AE58-807D56C04BBE}.Release|Any CPU.Build.0 = Release|Any CPU
	EndGlobalSection
EndGlobal
